
Microsoft Visual Studio Solution File, Format Version 12.00
# Visual Studio 2013
VisualStudioVersion = 12.0.40629.0
MinimumVisualStudioVersion = 10.0.40219.1
Project("{E24C65DC-7377-472B-9ABA-BC803B73C61A}") = "Ch03FutureValue", "http://localhost:50431", "{0BECCB3A-7A6B-4A40-8C1B-64E153230489}"
	ProjectSection(WebsiteProperties) = preProject
		UseIISExpress = "true"
		TargetFrameworkMoniker = ".NETFramework,Version%3Dv4.5"
		Debug.AspNetCompiler.VirtualPath = "/localhost_50431"
		Debug.AspNetCompiler.PhysicalPath = "..\Ch03FutureValue\"
		Debug.AspNetCompiler.TargetPath = "PrecompiledWeb\localhost_50431\"
		Debug.AspNetCompiler.Updateable = "true"
		Debug.AspNetCompiler.ForceOverwrite = "true"
		Debug.AspNetCompiler.FixedNames = "false"
		Debug.AspNetCompiler.Debug = "True"
		Release.AspNetCompiler.VirtualPath = "/localhost_50431"
		Release.AspNetCompiler.PhysicalPath = "..\Ch03FutureValue\"
		Release.AspNetCompiler.TargetPath = "PrecompiledWeb\localhost_50431\"
		Release.AspNetCompiler.Updateable = "true"
		Release.AspNetCompiler.ForceOverwrite = "true"
		Release.AspNetCompiler.FixedNames = "false"
		Release.AspNetCompiler.Debug = "False"
		SlnRelativePath = "..\Ch03FutureValue\"
	EndProjectSection
EndProject
Global
	GlobalSection(SolutionConfigurationPlatforms) = preSolution
		Debug|Any CPU = Debug|Any CPU
	EndGlobalSection
	GlobalSection(ProjectConfigurationPlatforms) = postSolution
		{0BECCB3A-7A6B-4A40-8C1B-64E153230489}.Debug|Any CPU.ActiveCfg = Debug|Any CPU
		{0BECCB3A-7A6B-4A40-8C1B-64E153230489}.Debug|Any CPU.Build.0 = Debug|Any CPU
	EndGlobalSection
	GlobalSection(SolutionProperties) = preSolution
		HideSolutionNode = FALSE
	EndGlobalSection
EndGlobal
